
Microsoft Visual Studio Solution File, Format Version 12.00
# Visual Studio 14
VisualStudioVersion = 14.0.25420.1
MinimumVisualStudioVersion = 10.0.40219.1
Project("{FAE04EC0-301F-11D3-BF4B-00C04F79EFBC}") = "esimerkki", "esimerkki\esimerkki.csproj", "{4CC9360D-4C9D-4AF7-A4C4-4EA681C41888}"
EndProject
Project("{FAE04EC0-301F-11D3-BF4B-00C04F79EFBC}") = "t1", "t1\t1.csproj", "{5611F335-4151-44F4-B477-7D71E2D5911C}"
EndProject
Project("{FAE04EC0-301F-11D3-BF4B-00C04F79EFBC}") = "t4.1", "t4.1\t4.1.csproj", "{486C779E-E0C7-41B7-A35F-B0547494D0E1}"
EndProject
Project("{FAE04EC0-301F-11D3-BF4B-00C04F79EFBC}") = "t2.1", "t2.1\t2.1.csproj", "{ABEC9310-2F0A-4171-8120-82B82B5C0684}"
EndProject
Project("{FAE04EC0-301F-11D3-BF4B-00C04F79EFBC}") = "3.1", "3.1\3.1.csproj", "{195B85AF-E844-4498-919A-1C99759895DB}"
EndProject
Global
	GlobalSection(SolutionConfigurationPlatforms) = preSolution
		Debug|Any CPU = Debug|Any CPU
		Release|Any CPU = Release|Any CPU
	EndGlobalSection
	GlobalSection(ProjectConfigurationPlatforms) = postSolution
		{4CC9360D-4C9D-4AF7-A4C4-4EA681C41888}.Debug|Any CPU.ActiveCfg = Debug|Any CPU
		{4CC9360D-4C9D-4AF7-A4C4-4EA681C41888}.Debug|Any CPU.Build.0 = Debug|Any CPU
		{4CC9360D-4C9D-4AF7-A4C4-4EA681C41888}.Release|Any CPU.ActiveCfg = Release|Any CPU
		{4CC9360D-4C9D-4AF7-A4C4-4EA681C41888}.Release|Any CPU.Build.0 = Release|Any CPU
		{5611F335-4151-44F4-B477-7D71E2D5911C}.Debug|Any CPU.ActiveCfg = Debug|Any CPU
		{5611F335-4151-44F4-B477-7D71E2D5911C}.Debug|Any CPU.Build.0 = Debug|Any CPU
		{5611F335-4151-44F4-B477-7D71E2D5911C}.Release|Any CPU.ActiveCfg = Release|Any CPU
		{5611F335-4151-44F4-B477-7D71E2D5911C}.Release|Any CPU.Build.0 = Release|Any CPU
		{486C779E-E0C7-41B7-A35F-B0547494D0E1}.Debug|Any CPU.ActiveCfg = Debug|Any CPU
		{486C779E-E0C7-41B7-A35F-B0547494D0E1}.Debug|Any CPU.Build.0 = Debug|Any CPU
		{486C779E-E0C7-41B7-A35F-B0547494D0E1}.Release|Any CPU.ActiveCfg = Release|Any CPU
		{486C779E-E0C7-41B7-A35F-B0547494D0E1}.Release|Any CPU.Build.0 = Release|Any CPU
		{ABEC9310-2F0A-4171-8120-82B82B5C0684}.Debug|Any CPU.ActiveCfg = Debug|Any CPU
		{ABEC9310-2F0A-4171-8120-82B82B5C0684}.Debug|Any CPU.Build.0 = Debug|Any CPU
		{ABEC9310-2F0A-4171-8120-82B82B5C0684}.Release|Any CPU.ActiveCfg = Release|Any CPU
		{ABEC9310-2F0A-4171-8120-82B82B5C0684}.Release|Any CPU.Build.0 = Release|Any CPU
		{195B85AF-E844-4498-919A-1C99759895DB}.Debug|Any CPU.ActiveCfg = Debug|Any CPU
		{195B85AF-E844-4498-919A-1C99759895DB}.Debug|Any CPU.Build.0 = Debug|Any CPU
		{195B85AF-E844-4498-919A-1C99759895DB}.Release|Any CPU.ActiveCfg = Release|Any CPU
		{195B85AF-E844-4498-919A-1C99759895DB}.Release|Any CPU.Build.0 = Release|Any CPU
	EndGlobalSection
	GlobalSection(SolutionProperties) = preSolution
		HideSolutionNode = FALSE
	EndGlobalSection
EndGlobal
