
Microsoft Visual Studio Solution File, Format Version 12.00
# Visual Studio 14
VisualStudioVersion = 14.0.25420.1
MinimumVisualStudioVersion = 10.0.40219.1
Project("{FAE04EC0-301F-11D3-BF4B-00C04F79EFBC}") = "esimerkki", "esimerkki\esimerkki.csproj", "{4CC9360D-4C9D-4AF7-A4C4-4EA681C41888}"
EndProject
Project("{FAE04EC0-301F-11D3-BF4B-00C04F79EFBC}") = "t1", "t1\t1.csproj", "{5611F335-4151-44F4-B477-7D71E2D5911C}"
EndProject
Project("{FAE04EC0-301F-11D3-BF4B-00C04F79EFBC}") = "t2", "t2\t2.csproj", "{1603598D-1681-4A20-A770-712F091D84A2}"
EndProject
Project("{FAE04EC0-301F-11D3-BF4B-00C04F79EFBC}") = "t3", "t3\t3.csproj", "{78F9C3CF-18F6-4903-9E33-030031D9AFE3}"
EndProject
Project("{FAE04EC0-301F-11D3-BF4B-00C04F79EFBC}") = "t4", "t4\t4.csproj", "{6D11B546-ACC9-4223-90F5-33375E81F2C6}"
EndProject
Global
	GlobalSection(SolutionConfigurationPlatforms) = preSolution
		Debug|Any CPU = Debug|Any CPU
		Release|Any CPU = Release|Any CPU
	EndGlobalSection
	GlobalSection(ProjectConfigurationPlatforms) = postSolution
		{4CC9360D-4C9D-4AF7-A4C4-4EA681C41888}.Debug|Any CPU.ActiveCfg = Debug|Any CPU
		{4CC9360D-4C9D-4AF7-A4C4-4EA681C41888}.Debug|Any CPU.Build.0 = Debug|Any CPU
		{4CC9360D-4C9D-4AF7-A4C4-4EA681C41888}.Release|Any CPU.ActiveCfg = Release|Any CPU
		{4CC9360D-4C9D-4AF7-A4C4-4EA681C41888}.Release|Any CPU.Build.0 = Release|Any CPU
		{5611F335-4151-44F4-B477-7D71E2D5911C}.Debug|Any CPU.ActiveCfg = Debug|Any CPU
		{5611F335-4151-44F4-B477-7D71E2D5911C}.Debug|Any CPU.Build.0 = Debug|Any CPU
		{5611F335-4151-44F4-B477-7D71E2D5911C}.Release|Any CPU.ActiveCfg = Release|Any CPU
		{5611F335-4151-44F4-B477-7D71E2D5911C}.Release|Any CPU.Build.0 = Release|Any CPU
		{1603598D-1681-4A20-A770-712F091D84A2}.Debug|Any CPU.ActiveCfg = Debug|Any CPU
		{1603598D-1681-4A20-A770-712F091D84A2}.Debug|Any CPU.Build.0 = Debug|Any CPU
		{1603598D-1681-4A20-A770-712F091D84A2}.Release|Any CPU.ActiveCfg = Release|Any CPU
		{1603598D-1681-4A20-A770-712F091D84A2}.Release|Any CPU.Build.0 = Release|Any CPU
		{78F9C3CF-18F6-4903-9E33-030031D9AFE3}.Debug|Any CPU.ActiveCfg = Debug|Any CPU
		{78F9C3CF-18F6-4903-9E33-030031D9AFE3}.Debug|Any CPU.Build.0 = Debug|Any CPU
		{78F9C3CF-18F6-4903-9E33-030031D9AFE3}.Release|Any CPU.ActiveCfg = Release|Any CPU
		{78F9C3CF-18F6-4903-9E33-030031D9AFE3}.Release|Any CPU.Build.0 = Release|Any CPU
		{6D11B546-ACC9-4223-90F5-33375E81F2C6}.Debug|Any CPU.ActiveCfg = Debug|Any CPU
		{6D11B546-ACC9-4223-90F5-33375E81F2C6}.Debug|Any CPU.Build.0 = Debug|Any CPU
		{6D11B546-ACC9-4223-90F5-33375E81F2C6}.Release|Any CPU.ActiveCfg = Release|Any CPU
		{6D11B546-ACC9-4223-90F5-33375E81F2C6}.Release|Any CPU.Build.0 = Release|Any CPU
	EndGlobalSection
	GlobalSection(SolutionProperties) = preSolution
		HideSolutionNode = FALSE
	EndGlobalSection
EndGlobal
