
Microsoft Visual Studio Solution File, Format Version 12.00
# Visual Studio 14
VisualStudioVersion = 14.0.25420.1
MinimumVisualStudioVersion = 10.0.40219.1
Project("{FAE04EC0-301F-11D3-BF4B-00C04F79EFBC}") = "t0 lotto", "t0 lotto\t0 lotto.csproj", "{4AEAFA9B-8078-4953-9F72-CD0755D59205}"
EndProject
Project("{FAE04EC0-301F-11D3-BF4B-00C04F79EFBC}") = "t1", "t1\t1.csproj", "{9A3CC202-3D59-477E-BC73-2138F1DE2160}"
EndProject
Project("{FAE04EC0-301F-11D3-BF4B-00C04F79EFBC}") = "t2", "t2\t2.csproj", "{6FC0466D-1563-44AF-AE16-92D6C949BEBD}"
EndProject
Project("{FAE04EC0-301F-11D3-BF4B-00C04F79EFBC}") = "t3", "t3\t3.csproj", "{D1DCBBE0-5558-4FDD-8A2C-D89DC46A3A5B}"
EndProject
Project("{FAE04EC0-301F-11D3-BF4B-00C04F79EFBC}") = "t4", "t4\t4.csproj", "{B23A8171-5DE5-4A72-BEBC-1FB656AE6288}"
EndProject
Project("{FAE04EC0-301F-11D3-BF4B-00C04F79EFBC}") = "t5", "t5\t5.csproj", "{7589D006-B7DB-4F77-95BA-18504947A80C}"
EndProject
Project("{FAE04EC0-301F-11D3-BF4B-00C04F79EFBC}") = "t6", "t6\t6.csproj", "{D811FF2C-4E3D-4A2B-B95F-6518397747C4}"
EndProject
Project("{FAE04EC0-301F-11D3-BF4B-00C04F79EFBC}") = "t7", "t7\t7.csproj", "{3320A748-2ACA-403F-9692-3734BF1FE25F}"
EndProject
Project("{FAE04EC0-301F-11D3-BF4B-00C04F79EFBC}") = "t8", "t8\t8.csproj", "{FB878EDB-6B5F-4E17-82E8-E7BAB43BC81C}"
EndProject
Project("{FAE04EC0-301F-11D3-BF4B-00C04F79EFBC}") = "t9", "t9\t9.csproj", "{6D7DC6AA-25F3-4C90-9678-27C9DCA14F3A}"
EndProject
Project("{FAE04EC0-301F-11D3-BF4B-00C04F79EFBC}") = "t10", "t10\t10.csproj", "{72BE81A6-317E-44B3-A247-4AD8AEA75CAE}"
EndProject
Project("{FAE04EC0-301F-11D3-BF4B-00C04F79EFBC}") = "t11", "t11\t11.csproj", "{B0F08078-DC9E-468B-9B95-3DE81017A162}"
EndProject
Project("{FAE04EC0-301F-11D3-BF4B-00C04F79EFBC}") = "t12", "t12\t12.csproj", "{7CFAE19F-F872-4EC7-A2BF-7FBA2E4D078D}"
EndProject
Project("{FAE04EC0-301F-11D3-BF4B-00C04F79EFBC}") = "t13", "t13\t13.csproj", "{15ABBA46-2008-4B3E-B68C-C99D5CFC7C66}"
EndProject
Project("{FAE04EC0-301F-11D3-BF4B-00C04F79EFBC}") = "t14", "t14\t14.csproj", "{5AA9477D-70DE-4E5F-A602-AAC71C2F90F3}"
EndProject
Project("{FAE04EC0-301F-11D3-BF4B-00C04F79EFBC}") = "t15", "t15\t15.csproj", "{D5445796-AAE6-4AF3-87DA-632B5947A0D1}"
EndProject
Project("{FAE04EC0-301F-11D3-BF4B-00C04F79EFBC}") = "t16", "t16\t16.csproj", "{DDA06C33-44DD-4D4E-AB3F-D01DA98221E2}"
EndProject
Project("{FAE04EC0-301F-11D3-BF4B-00C04F79EFBC}") = "t17", "t17\t17.csproj", "{B9F1A598-D8A8-49AE-B09C-BEB7CBB1E704}"
EndProject
Project("{FAE04EC0-301F-11D3-BF4B-00C04F79EFBC}") = "t18", "t18\t18.csproj", "{A9F8FD12-1EC0-401F-B447-C99E9B3EBC8A}"
EndProject
Project("{FAE04EC0-301F-11D3-BF4B-00C04F79EFBC}") = "t19", "t19\t19.csproj", "{8777BF37-7261-4FF9-B40E-4BB8B1EAED81}"
EndProject
Project("{FAE04EC0-301F-11D3-BF4B-00C04F79EFBC}") = "t20", "t20\t20.csproj", "{EFA90B42-702B-4305-B2B5-009280DF39FD}"
EndProject
Global
	GlobalSection(SolutionConfigurationPlatforms) = preSolution
		Debug|Any CPU = Debug|Any CPU
		Release|Any CPU = Release|Any CPU
	EndGlobalSection
	GlobalSection(ProjectConfigurationPlatforms) = postSolution
		{4AEAFA9B-8078-4953-9F72-CD0755D59205}.Debug|Any CPU.ActiveCfg = Debug|Any CPU
		{4AEAFA9B-8078-4953-9F72-CD0755D59205}.Debug|Any CPU.Build.0 = Debug|Any CPU
		{4AEAFA9B-8078-4953-9F72-CD0755D59205}.Release|Any CPU.ActiveCfg = Release|Any CPU
		{4AEAFA9B-8078-4953-9F72-CD0755D59205}.Release|Any CPU.Build.0 = Release|Any CPU
		{9A3CC202-3D59-477E-BC73-2138F1DE2160}.Debug|Any CPU.ActiveCfg = Debug|Any CPU
		{9A3CC202-3D59-477E-BC73-2138F1DE2160}.Debug|Any CPU.Build.0 = Debug|Any CPU
		{9A3CC202-3D59-477E-BC73-2138F1DE2160}.Release|Any CPU.ActiveCfg = Release|Any CPU
		{9A3CC202-3D59-477E-BC73-2138F1DE2160}.Release|Any CPU.Build.0 = Release|Any CPU
		{6FC0466D-1563-44AF-AE16-92D6C949BEBD}.Debug|Any CPU.ActiveCfg = Debug|Any CPU
		{6FC0466D-1563-44AF-AE16-92D6C949BEBD}.Debug|Any CPU.Build.0 = Debug|Any CPU
		{6FC0466D-1563-44AF-AE16-92D6C949BEBD}.Release|Any CPU.ActiveCfg = Release|Any CPU
		{6FC0466D-1563-44AF-AE16-92D6C949BEBD}.Release|Any CPU.Build.0 = Release|Any CPU
		{D1DCBBE0-5558-4FDD-8A2C-D89DC46A3A5B}.Debug|Any CPU.ActiveCfg = Debug|Any CPU
		{D1DCBBE0-5558-4FDD-8A2C-D89DC46A3A5B}.Debug|Any CPU.Build.0 = Debug|Any CPU
		{D1DCBBE0-5558-4FDD-8A2C-D89DC46A3A5B}.Release|Any CPU.ActiveCfg = Release|Any CPU
		{D1DCBBE0-5558-4FDD-8A2C-D89DC46A3A5B}.Release|Any CPU.Build.0 = Release|Any CPU
		{B23A8171-5DE5-4A72-BEBC-1FB656AE6288}.Debug|Any CPU.ActiveCfg = Debug|Any CPU
		{B23A8171-5DE5-4A72-BEBC-1FB656AE6288}.Debug|Any CPU.Build.0 = Debug|Any CPU
		{B23A8171-5DE5-4A72-BEBC-1FB656AE6288}.Release|Any CPU.ActiveCfg = Release|Any CPU
		{B23A8171-5DE5-4A72-BEBC-1FB656AE6288}.Release|Any CPU.Build.0 = Release|Any CPU
		{7589D006-B7DB-4F77-95BA-18504947A80C}.Debug|Any CPU.ActiveCfg = Debug|Any CPU
		{7589D006-B7DB-4F77-95BA-18504947A80C}.Debug|Any CPU.Build.0 = Debug|Any CPU
		{7589D006-B7DB-4F77-95BA-18504947A80C}.Release|Any CPU.ActiveCfg = Release|Any CPU
		{7589D006-B7DB-4F77-95BA-18504947A80C}.Release|Any CPU.Build.0 = Release|Any CPU
		{D811FF2C-4E3D-4A2B-B95F-6518397747C4}.Debug|Any CPU.ActiveCfg = Debug|Any CPU
		{D811FF2C-4E3D-4A2B-B95F-6518397747C4}.Debug|Any CPU.Build.0 = Debug|Any CPU
		{D811FF2C-4E3D-4A2B-B95F-6518397747C4}.Release|Any CPU.ActiveCfg = Release|Any CPU
		{D811FF2C-4E3D-4A2B-B95F-6518397747C4}.Release|Any CPU.Build.0 = Release|Any CPU
		{3320A748-2ACA-403F-9692-3734BF1FE25F}.Debug|Any CPU.ActiveCfg = Debug|Any CPU
		{3320A748-2ACA-403F-9692-3734BF1FE25F}.Debug|Any CPU.Build.0 = Debug|Any CPU
		{3320A748-2ACA-403F-9692-3734BF1FE25F}.Release|Any CPU.ActiveCfg = Release|Any CPU
		{3320A748-2ACA-403F-9692-3734BF1FE25F}.Release|Any CPU.Build.0 = Release|Any CPU
		{FB878EDB-6B5F-4E17-82E8-E7BAB43BC81C}.Debug|Any CPU.ActiveCfg = Debug|Any CPU
		{FB878EDB-6B5F-4E17-82E8-E7BAB43BC81C}.Debug|Any CPU.Build.0 = Debug|Any CPU
		{FB878EDB-6B5F-4E17-82E8-E7BAB43BC81C}.Release|Any CPU.ActiveCfg = Release|Any CPU
		{FB878EDB-6B5F-4E17-82E8-E7BAB43BC81C}.Release|Any CPU.Build.0 = Release|Any CPU
		{6D7DC6AA-25F3-4C90-9678-27C9DCA14F3A}.Debug|Any CPU.ActiveCfg = Debug|Any CPU
		{6D7DC6AA-25F3-4C90-9678-27C9DCA14F3A}.Debug|Any CPU.Build.0 = Debug|Any CPU
		{6D7DC6AA-25F3-4C90-9678-27C9DCA14F3A}.Release|Any CPU.ActiveCfg = Release|Any CPU
		{6D7DC6AA-25F3-4C90-9678-27C9DCA14F3A}.Release|Any CPU.Build.0 = Release|Any CPU
		{72BE81A6-317E-44B3-A247-4AD8AEA75CAE}.Debug|Any CPU.ActiveCfg = Debug|Any CPU
		{72BE81A6-317E-44B3-A247-4AD8AEA75CAE}.Debug|Any CPU.Build.0 = Debug|Any CPU
		{72BE81A6-317E-44B3-A247-4AD8AEA75CAE}.Release|Any CPU.ActiveCfg = Release|Any CPU
		{72BE81A6-317E-44B3-A247-4AD8AEA75CAE}.Release|Any CPU.Build.0 = Release|Any CPU
		{B0F08078-DC9E-468B-9B95-3DE81017A162}.Debug|Any CPU.ActiveCfg = Debug|Any CPU
		{B0F08078-DC9E-468B-9B95-3DE81017A162}.Debug|Any CPU.Build.0 = Debug|Any CPU
		{B0F08078-DC9E-468B-9B95-3DE81017A162}.Release|Any CPU.ActiveCfg = Release|Any CPU
		{B0F08078-DC9E-468B-9B95-3DE81017A162}.Release|Any CPU.Build.0 = Release|Any CPU
		{7CFAE19F-F872-4EC7-A2BF-7FBA2E4D078D}.Debug|Any CPU.ActiveCfg = Debug|Any CPU
		{7CFAE19F-F872-4EC7-A2BF-7FBA2E4D078D}.Debug|Any CPU.Build.0 = Debug|Any CPU
		{7CFAE19F-F872-4EC7-A2BF-7FBA2E4D078D}.Release|Any CPU.ActiveCfg = Release|Any CPU
		{7CFAE19F-F872-4EC7-A2BF-7FBA2E4D078D}.Release|Any CPU.Build.0 = Release|Any CPU
		{15ABBA46-2008-4B3E-B68C-C99D5CFC7C66}.Debug|Any CPU.ActiveCfg = Debug|Any CPU
		{15ABBA46-2008-4B3E-B68C-C99D5CFC7C66}.Debug|Any CPU.Build.0 = Debug|Any CPU
		{15ABBA46-2008-4B3E-B68C-C99D5CFC7C66}.Release|Any CPU.ActiveCfg = Release|Any CPU
		{15ABBA46-2008-4B3E-B68C-C99D5CFC7C66}.Release|Any CPU.Build.0 = Release|Any CPU
		{5AA9477D-70DE-4E5F-A602-AAC71C2F90F3}.Debug|Any CPU.ActiveCfg = Debug|Any CPU
		{5AA9477D-70DE-4E5F-A602-AAC71C2F90F3}.Debug|Any CPU.Build.0 = Debug|Any CPU
		{5AA9477D-70DE-4E5F-A602-AAC71C2F90F3}.Release|Any CPU.ActiveCfg = Release|Any CPU
		{5AA9477D-70DE-4E5F-A602-AAC71C2F90F3}.Release|Any CPU.Build.0 = Release|Any CPU
		{D5445796-AAE6-4AF3-87DA-632B5947A0D1}.Debug|Any CPU.ActiveCfg = Debug|Any CPU
		{D5445796-AAE6-4AF3-87DA-632B5947A0D1}.Debug|Any CPU.Build.0 = Debug|Any CPU
		{D5445796-AAE6-4AF3-87DA-632B5947A0D1}.Release|Any CPU.ActiveCfg = Release|Any CPU
		{D5445796-AAE6-4AF3-87DA-632B5947A0D1}.Release|Any CPU.Build.0 = Release|Any CPU
		{DDA06C33-44DD-4D4E-AB3F-D01DA98221E2}.Debug|Any CPU.ActiveCfg = Debug|Any CPU
		{DDA06C33-44DD-4D4E-AB3F-D01DA98221E2}.Debug|Any CPU.Build.0 = Debug|Any CPU
		{DDA06C33-44DD-4D4E-AB3F-D01DA98221E2}.Release|Any CPU.ActiveCfg = Release|Any CPU
		{DDA06C33-44DD-4D4E-AB3F-D01DA98221E2}.Release|Any CPU.Build.0 = Release|Any CPU
		{B9F1A598-D8A8-49AE-B09C-BEB7CBB1E704}.Debug|Any CPU.ActiveCfg = Debug|Any CPU
		{B9F1A598-D8A8-49AE-B09C-BEB7CBB1E704}.Debug|Any CPU.Build.0 = Debug|Any CPU
		{B9F1A598-D8A8-49AE-B09C-BEB7CBB1E704}.Release|Any CPU.ActiveCfg = Release|Any CPU
		{B9F1A598-D8A8-49AE-B09C-BEB7CBB1E704}.Release|Any CPU.Build.0 = Release|Any CPU
		{A9F8FD12-1EC0-401F-B447-C99E9B3EBC8A}.Debug|Any CPU.ActiveCfg = Debug|Any CPU
		{A9F8FD12-1EC0-401F-B447-C99E9B3EBC8A}.Debug|Any CPU.Build.0 = Debug|Any CPU
		{A9F8FD12-1EC0-401F-B447-C99E9B3EBC8A}.Release|Any CPU.ActiveCfg = Release|Any CPU
		{A9F8FD12-1EC0-401F-B447-C99E9B3EBC8A}.Release|Any CPU.Build.0 = Release|Any CPU
		{8777BF37-7261-4FF9-B40E-4BB8B1EAED81}.Debug|Any CPU.ActiveCfg = Debug|Any CPU
		{8777BF37-7261-4FF9-B40E-4BB8B1EAED81}.Debug|Any CPU.Build.0 = Debug|Any CPU
		{8777BF37-7261-4FF9-B40E-4BB8B1EAED81}.Release|Any CPU.ActiveCfg = Release|Any CPU
		{8777BF37-7261-4FF9-B40E-4BB8B1EAED81}.Release|Any CPU.Build.0 = Release|Any CPU
		{EFA90B42-702B-4305-B2B5-009280DF39FD}.Debug|Any CPU.ActiveCfg = Debug|Any CPU
		{EFA90B42-702B-4305-B2B5-009280DF39FD}.Debug|Any CPU.Build.0 = Debug|Any CPU
		{EFA90B42-702B-4305-B2B5-009280DF39FD}.Release|Any CPU.ActiveCfg = Release|Any CPU
		{EFA90B42-702B-4305-B2B5-009280DF39FD}.Release|Any CPU.Build.0 = Release|Any CPU
	EndGlobalSection
	GlobalSection(SolutionProperties) = preSolution
		HideSolutionNode = FALSE
	EndGlobalSection
EndGlobal
