
Microsoft Visual Studio Solution File, Format Version 12.00
# Visual Studio 14
VisualStudioVersion = 14.0.25420.1
MinimumVisualStudioVersion = 10.0.40219.1
Project("{FAE04EC0-301F-11D3-BF4B-00C04F79EFBC}") = "t1", "t1\t1.csproj", "{EBAC0E0C-4DA0-4A71-B455-AFA8988B9931}"
EndProject
Project("{FAE04EC0-301F-11D3-BF4B-00C04F79EFBC}") = "t2", "t2\t2.csproj", "{33FE189A-681C-4EE9-B34F-23622DDAF746}"
EndProject
Project("{FAE04EC0-301F-11D3-BF4B-00C04F79EFBC}") = "t3", "t3\t3.csproj", "{667D97F1-850A-48BA-8269-876D9CA03B1A}"
EndProject
Project("{FAE04EC0-301F-11D3-BF4B-00C04F79EFBC}") = "t4", "t4\t4.csproj", "{D4ACC5DE-95B6-4BB5-B69C-4D0CD133CA8C}"
EndProject
Project("{FAE04EC0-301F-11D3-BF4B-00C04F79EFBC}") = "t5", "t5\t5.csproj", "{A8C13346-1AA2-4B76-83E2-5936B4E3D211}"
EndProject
Project("{FAE04EC0-301F-11D3-BF4B-00C04F79EFBC}") = "t6", "t6\t6.csproj", "{6D5E3B5B-2871-45A2-B947-16FE397DF3B7}"
EndProject
Project("{FAE04EC0-301F-11D3-BF4B-00C04F79EFBC}") = "t7", "t7\t7.csproj", "{F45E4A71-D1F0-4E52-98AF-0BAB97CF47E7}"
EndProject
Global
	GlobalSection(SolutionConfigurationPlatforms) = preSolution
		Debug|Any CPU = Debug|Any CPU
		Release|Any CPU = Release|Any CPU
	EndGlobalSection
	GlobalSection(ProjectConfigurationPlatforms) = postSolution
		{EBAC0E0C-4DA0-4A71-B455-AFA8988B9931}.Debug|Any CPU.ActiveCfg = Debug|Any CPU
		{EBAC0E0C-4DA0-4A71-B455-AFA8988B9931}.Debug|Any CPU.Build.0 = Debug|Any CPU
		{EBAC0E0C-4DA0-4A71-B455-AFA8988B9931}.Release|Any CPU.ActiveCfg = Release|Any CPU
		{EBAC0E0C-4DA0-4A71-B455-AFA8988B9931}.Release|Any CPU.Build.0 = Release|Any CPU
		{33FE189A-681C-4EE9-B34F-23622DDAF746}.Debug|Any CPU.ActiveCfg = Debug|Any CPU
		{33FE189A-681C-4EE9-B34F-23622DDAF746}.Debug|Any CPU.Build.0 = Debug|Any CPU
		{33FE189A-681C-4EE9-B34F-23622DDAF746}.Release|Any CPU.ActiveCfg = Release|Any CPU
		{33FE189A-681C-4EE9-B34F-23622DDAF746}.Release|Any CPU.Build.0 = Release|Any CPU
		{667D97F1-850A-48BA-8269-876D9CA03B1A}.Debug|Any CPU.ActiveCfg = Debug|Any CPU
		{667D97F1-850A-48BA-8269-876D9CA03B1A}.Debug|Any CPU.Build.0 = Debug|Any CPU
		{667D97F1-850A-48BA-8269-876D9CA03B1A}.Release|Any CPU.ActiveCfg = Release|Any CPU
		{667D97F1-850A-48BA-8269-876D9CA03B1A}.Release|Any CPU.Build.0 = Release|Any CPU
		{D4ACC5DE-95B6-4BB5-B69C-4D0CD133CA8C}.Debug|Any CPU.ActiveCfg = Debug|Any CPU
		{D4ACC5DE-95B6-4BB5-B69C-4D0CD133CA8C}.Debug|Any CPU.Build.0 = Debug|Any CPU
		{D4ACC5DE-95B6-4BB5-B69C-4D0CD133CA8C}.Release|Any CPU.ActiveCfg = Release|Any CPU
		{D4ACC5DE-95B6-4BB5-B69C-4D0CD133CA8C}.Release|Any CPU.Build.0 = Release|Any CPU
		{A8C13346-1AA2-4B76-83E2-5936B4E3D211}.Debug|Any CPU.ActiveCfg = Debug|Any CPU
		{A8C13346-1AA2-4B76-83E2-5936B4E3D211}.Debug|Any CPU.Build.0 = Debug|Any CPU
		{A8C13346-1AA2-4B76-83E2-5936B4E3D211}.Release|Any CPU.ActiveCfg = Release|Any CPU
		{A8C13346-1AA2-4B76-83E2-5936B4E3D211}.Release|Any CPU.Build.0 = Release|Any CPU
		{6D5E3B5B-2871-45A2-B947-16FE397DF3B7}.Debug|Any CPU.ActiveCfg = Debug|Any CPU
		{6D5E3B5B-2871-45A2-B947-16FE397DF3B7}.Debug|Any CPU.Build.0 = Debug|Any CPU
		{6D5E3B5B-2871-45A2-B947-16FE397DF3B7}.Release|Any CPU.ActiveCfg = Release|Any CPU
		{6D5E3B5B-2871-45A2-B947-16FE397DF3B7}.Release|Any CPU.Build.0 = Release|Any CPU
		{F45E4A71-D1F0-4E52-98AF-0BAB97CF47E7}.Debug|Any CPU.ActiveCfg = Debug|Any CPU
		{F45E4A71-D1F0-4E52-98AF-0BAB97CF47E7}.Debug|Any CPU.Build.0 = Debug|Any CPU
		{F45E4A71-D1F0-4E52-98AF-0BAB97CF47E7}.Release|Any CPU.ActiveCfg = Release|Any CPU
		{F45E4A71-D1F0-4E52-98AF-0BAB97CF47E7}.Release|Any CPU.Build.0 = Release|Any CPU
	EndGlobalSection
	GlobalSection(SolutionProperties) = preSolution
		HideSolutionNode = FALSE
	EndGlobalSection
EndGlobal
